
Microsoft Visual Studio Solution File, Format Version 12.00
# Visual Studio Version 16
VisualStudioVersion = 16.0.31019.35
MinimumVisualStudioVersion = 10.0.40219.1
Project("{FAE04EC0-301F-11D3-BF4B-00C04F79EFBC}") = "Biblioteca", "Biblioteca\Biblioteca.csproj", "{D1968620-131D-4C40-AD9E-79F990B12F15}"
EndProject
Global
	GlobalSection(SolutionConfigurationPlatforms) = preSolution
		Debug|Any CPU = Debug|Any CPU
		Release|Any CPU = Release|Any CPU
	EndGlobalSection
	GlobalSection(ProjectConfigurationPlatforms) = postSolution
		{D1968620-131D-4C40-AD9E-79F990B12F15}.Debug|Any CPU.ActiveCfg = Debug|Any CPU
		{D1968620-131D-4C40-AD9E-79F990B12F15}.Debug|Any CPU.Build.0 = Debug|Any CPU
		{D1968620-131D-4C40-AD9E-79F990B12F15}.Release|Any CPU.ActiveCfg = Release|Any CPU
		{D1968620-131D-4C40-AD9E-79F990B12F15}.Release|Any CPU.Build.0 = Release|Any CPU
	EndGlobalSection
	GlobalSection(SolutionProperties) = preSolution
		HideSolutionNode = FALSE
	EndGlobalSection
	GlobalSection(ExtensibilityGlobals) = postSolution
		SolutionGuid = {8521950B-AD01-4026-9F61-96163D3E7AD3}
	EndGlobalSection
EndGlobal
